
Microsoft Visual Studio Solution File, Format Version 12.00
# Visual Studio Version 17
VisualStudioVersion = 17.14.36518.9
MinimumVisualStudioVersion = 10.0.40219.1
Project("{FAE04EC0-301F-11D3-BF4B-00C04F79EFBC}") = "1tedenBLAZ", "1tedenBLAZ\1tedenBLAZ.csproj", "{56E59F7B-84A0-4906-AC90-59C0577B9D7F}"
EndProject
Project("{FAE04EC0-301F-11D3-BF4B-00C04F79EFBC}") = "IdentifikacijaOsebe", "IdentifikacijaOsebe\IdentifikacijaOsebe.csproj", "{667393BE-065E-43E9-9034-EE4C1E756AA1}"
EndProject
Project("{FAE04EC0-301F-11D3-BF4B-00C04F79EFBC}") = "2tedenBLAZ_CALC", "2tedenBLAZ_CALC\2tedenBLAZ_CALC.csproj", "{FFD9B4B3-817F-4C5C-9D67-E02087E75A91}"
EndProject
Project("{FAE04EC0-301F-11D3-BF4B-00C04F79EFBC}") = "2tedenBLAZ_pozdravi_prijatelje", "2tedenBLAZ_pozdravi_prijatelje\2tedenBLAZ_pozdravi_prijatelje.csproj", "{691D1152-6BB0-42A5-837C-27E1456AB923}"
EndProject
Project("{FAE04EC0-301F-11D3-BF4B-00C04F79EFBC}") = "2tedenBLAZ_sodoliho", "2tedenBLAZ_sodoliho\2tedenBLAZ_sodoliho.csproj", "{3CD59874-CC1F-4F2B-A0BA-F3503019957C}"
EndProject
Project("{FAE04EC0-301F-11D3-BF4B-00C04F79EFBC}") = "2tedenBLAZ_ocenestudentov", "2tedenBLAZ_ocenestudentov\2tedenBLAZ_ocenestudentov.csproj", "{76D0C040-FCBF-407A-93E7-97AEFE77E0F5}"
EndProject
Project("{FAE04EC0-301F-11D3-BF4B-00C04F79EFBC}") = "2tedenBLAZ_prijavnisistem", "2tedenBLAZ_prijavnisistem\2tedenBLAZ_prijavnisistem.csproj", "{60A5903C-8204-4AB1-BE3A-D5123B429F90}"
EndProject
Project("{FAE04EC0-301F-11D3-BF4B-00C04F79EFBC}") = "3tedenBLAZ_najboljsiigralec", "3tedenBLAZ_najboljsiigralec\3tedenBLAZ_najboljsiigralec.csproj", "{4720E30A-5EC6-4B00-978E-F9D16139E4B9}"
EndProject
Project("{FAE04EC0-301F-11D3-BF4B-00C04F79EFBC}") = "3tedenBLAZ_temperaturacheck", "3tedenBLAZ_temperaturacheck\3tedenBLAZ_temperaturacheck.csproj", "{49690785-BF17-4748-B888-4546334FE046}"
EndProject
Project("{FAE04EC0-301F-11D3-BF4B-00C04F79EFBC}") = "3tedenBLAZ_sodedo20", "3tedenBLAZ_sodedo20\3tedenBLAZ_sodedo20.csproj", "{A090A149-2B08-46AE-A0B9-B00205F59273}"
EndProject
Project("{FAE04EC0-301F-11D3-BF4B-00C04F79EFBC}") = "3tedenBLAZ_ljudjevavtobusu", "3tedenBLAZ_ljudjevavtobusu\3tedenBLAZ_ljudjevavtobusu.csproj", "{58F4D6B7-3446-45E1-8550-BF2D26498B21}"
EndProject
Project("{FAE04EC0-301F-11D3-BF4B-00C04F79EFBC}") = "3tedenBLAZ_minus3do3", "3tedenBLAZ_minus3do3\3tedenBLAZ_minus3do3.csproj", "{CC31048B-49D9-4BA5-92F5-58241E629016}"
EndProject
Project("{FAE04EC0-301F-11D3-BF4B-00C04F79EFBC}") = "3tedenBLAZ_nesodihdo10", "3tedenBLAZ_nesodihdo10\3tedenBLAZ_nesodihdo10.csproj", "{FDB4FBB9-7D46-4043-BA29-0A0D7410A39A}"
EndProject
Project("{FAE04EC0-301F-11D3-BF4B-00C04F79EFBC}") = "3tedenBLAZ_programzauciteljapovprecneocene", "3tedenBLAZ_programzauciteljapovprecneocene\3tedenBLAZ_programzauciteljapovprecneocene.csproj", "{412215A0-5300-4ABA-B27D-15A96BD96516}"
EndProject
Project("{FAE04EC0-301F-11D3-BF4B-00C04F79EFBC}") = "4tedenBLAZ_napake", "4tedenBLAZ_napake\4tedenBLAZ_napake.csproj", "{FC0DA51D-52CD-4FE9-A904-924783AA949B}"
EndProject
Project("{FAE04EC0-301F-11D3-BF4B-00C04F79EFBC}") = "4tedenBLAZ_vremenskaevidenca", "4tedenBLAZ_vremenskaevidenca\4tedenBLAZ_vremenskaevidenca.csproj", "{762C0390-0E04-4192-AE23-E612405B3EE1}"
EndProject
Project("{FAE04EC0-301F-11D3-BF4B-00C04F79EFBC}") = "5tedentBLAZ_lokokvij", "5tedentBLAZ_lokokvij\5tedentBLAZ_lokokvij.csproj", "{EE6BD443-DB8E-47EC-A8C8-DC35CC59425D}"
EndProject
Project("{FAE04EC0-301F-11D3-BF4B-00C04F79EFBC}") = "6tedenBLAZ_introducemyself", "6tedenBLAZ_introducemyself\6tedenBLAZ_introducemyself.csproj", "{C584A254-D33D-46C1-9F5A-A073A1934979}"
EndProject
Project("{FAE04EC0-301F-11D3-BF4B-00C04F79EFBC}") = "6tedenBLAZ_Phone", "6tedenBLAZ_Phone\6tedenBLAZ_Phone.csproj", "{12E6501C-15F9-4894-AED5-D2B23E26E425}"
EndProject
Project("{FAE04EC0-301F-11D3-BF4B-00C04F79EFBC}") = "6tedenBLAZ_imepriimekbarva", "imepriimekbarva\6tedenBLAZ_imepriimekbarva.csproj", "{8CCA4409-7F32-40C9-BF54-03170370D1A7}"
EndProject
Global
	GlobalSection(SolutionConfigurationPlatforms) = preSolution
		Debug|Any CPU = Debug|Any CPU
		Release|Any CPU = Release|Any CPU
	EndGlobalSection
	GlobalSection(ProjectConfigurationPlatforms) = postSolution
		{56E59F7B-84A0-4906-AC90-59C0577B9D7F}.Debug|Any CPU.ActiveCfg = Debug|Any CPU
		{56E59F7B-84A0-4906-AC90-59C0577B9D7F}.Debug|Any CPU.Build.0 = Debug|Any CPU
		{56E59F7B-84A0-4906-AC90-59C0577B9D7F}.Release|Any CPU.ActiveCfg = Release|Any CPU
		{56E59F7B-84A0-4906-AC90-59C0577B9D7F}.Release|Any CPU.Build.0 = Release|Any CPU
		{667393BE-065E-43E9-9034-EE4C1E756AA1}.Debug|Any CPU.ActiveCfg = Debug|Any CPU
		{667393BE-065E-43E9-9034-EE4C1E756AA1}.Debug|Any CPU.Build.0 = Debug|Any CPU
		{667393BE-065E-43E9-9034-EE4C1E756AA1}.Release|Any CPU.ActiveCfg = Release|Any CPU
		{667393BE-065E-43E9-9034-EE4C1E756AA1}.Release|Any CPU.Build.0 = Release|Any CPU
		{FFD9B4B3-817F-4C5C-9D67-E02087E75A91}.Debug|Any CPU.ActiveCfg = Debug|Any CPU
		{FFD9B4B3-817F-4C5C-9D67-E02087E75A91}.Debug|Any CPU.Build.0 = Debug|Any CPU
		{FFD9B4B3-817F-4C5C-9D67-E02087E75A91}.Release|Any CPU.ActiveCfg = Release|Any CPU
		{FFD9B4B3-817F-4C5C-9D67-E02087E75A91}.Release|Any CPU.Build.0 = Release|Any CPU
		{691D1152-6BB0-42A5-837C-27E1456AB923}.Debug|Any CPU.ActiveCfg = Debug|Any CPU
		{691D1152-6BB0-42A5-837C-27E1456AB923}.Debug|Any CPU.Build.0 = Debug|Any CPU
		{691D1152-6BB0-42A5-837C-27E1456AB923}.Release|Any CPU.ActiveCfg = Release|Any CPU
		{691D1152-6BB0-42A5-837C-27E1456AB923}.Release|Any CPU.Build.0 = Release|Any CPU
		{3CD59874-CC1F-4F2B-A0BA-F3503019957C}.Debug|Any CPU.ActiveCfg = Debug|Any CPU
		{3CD59874-CC1F-4F2B-A0BA-F3503019957C}.Debug|Any CPU.Build.0 = Debug|Any CPU
		{3CD59874-CC1F-4F2B-A0BA-F3503019957C}.Release|Any CPU.ActiveCfg = Release|Any CPU
		{3CD59874-CC1F-4F2B-A0BA-F3503019957C}.Release|Any CPU.Build.0 = Release|Any CPU
		{76D0C040-FCBF-407A-93E7-97AEFE77E0F5}.Debug|Any CPU.ActiveCfg = Debug|Any CPU
		{76D0C040-FCBF-407A-93E7-97AEFE77E0F5}.Debug|Any CPU.Build.0 = Debug|Any CPU
		{76D0C040-FCBF-407A-93E7-97AEFE77E0F5}.Release|Any CPU.ActiveCfg = Release|Any CPU
		{76D0C040-FCBF-407A-93E7-97AEFE77E0F5}.Release|Any CPU.Build.0 = Release|Any CPU
		{60A5903C-8204-4AB1-BE3A-D5123B429F90}.Debug|Any CPU.ActiveCfg = Debug|Any CPU
		{60A5903C-8204-4AB1-BE3A-D5123B429F90}.Debug|Any CPU.Build.0 = Debug|Any CPU
		{60A5903C-8204-4AB1-BE3A-D5123B429F90}.Release|Any CPU.ActiveCfg = Release|Any CPU
		{60A5903C-8204-4AB1-BE3A-D5123B429F90}.Release|Any CPU.Build.0 = Release|Any CPU
		{4720E30A-5EC6-4B00-978E-F9D16139E4B9}.Debug|Any CPU.ActiveCfg = Debug|Any CPU
		{4720E30A-5EC6-4B00-978E-F9D16139E4B9}.Debug|Any CPU.Build.0 = Debug|Any CPU
		{4720E30A-5EC6-4B00-978E-F9D16139E4B9}.Release|Any CPU.ActiveCfg = Release|Any CPU
		{4720E30A-5EC6-4B00-978E-F9D16139E4B9}.Release|Any CPU.Build.0 = Release|Any CPU
		{49690785-BF17-4748-B888-4546334FE046}.Debug|Any CPU.ActiveCfg = Debug|Any CPU
		{49690785-BF17-4748-B888-4546334FE046}.Debug|Any CPU.Build.0 = Debug|Any CPU
		{49690785-BF17-4748-B888-4546334FE046}.Release|Any CPU.ActiveCfg = Release|Any CPU
		{49690785-BF17-4748-B888-4546334FE046}.Release|Any CPU.Build.0 = Release|Any CPU
		{A090A149-2B08-46AE-A0B9-B00205F59273}.Debug|Any CPU.ActiveCfg = Debug|Any CPU
		{A090A149-2B08-46AE-A0B9-B00205F59273}.Debug|Any CPU.Build.0 = Debug|Any CPU
		{A090A149-2B08-46AE-A0B9-B00205F59273}.Release|Any CPU.ActiveCfg = Release|Any CPU
		{A090A149-2B08-46AE-A0B9-B00205F59273}.Release|Any CPU.Build.0 = Release|Any CPU
		{58F4D6B7-3446-45E1-8550-BF2D26498B21}.Debug|Any CPU.ActiveCfg = Debug|Any CPU
		{58F4D6B7-3446-45E1-8550-BF2D26498B21}.Debug|Any CPU.Build.0 = Debug|Any CPU
		{58F4D6B7-3446-45E1-8550-BF2D26498B21}.Release|Any CPU.ActiveCfg = Release|Any CPU
		{58F4D6B7-3446-45E1-8550-BF2D26498B21}.Release|Any CPU.Build.0 = Release|Any CPU
		{CC31048B-49D9-4BA5-92F5-58241E629016}.Debug|Any CPU.ActiveCfg = Debug|Any CPU
		{CC31048B-49D9-4BA5-92F5-58241E629016}.Debug|Any CPU.Build.0 = Debug|Any CPU
		{CC31048B-49D9-4BA5-92F5-58241E629016}.Release|Any CPU.ActiveCfg = Release|Any CPU
		{CC31048B-49D9-4BA5-92F5-58241E629016}.Release|Any CPU.Build.0 = Release|Any CPU
		{FDB4FBB9-7D46-4043-BA29-0A0D7410A39A}.Debug|Any CPU.ActiveCfg = Debug|Any CPU
		{FDB4FBB9-7D46-4043-BA29-0A0D7410A39A}.Debug|Any CPU.Build.0 = Debug|Any CPU
		{FDB4FBB9-7D46-4043-BA29-0A0D7410A39A}.Release|Any CPU.ActiveCfg = Release|Any CPU
		{FDB4FBB9-7D46-4043-BA29-0A0D7410A39A}.Release|Any CPU.Build.0 = Release|Any CPU
		{412215A0-5300-4ABA-B27D-15A96BD96516}.Debug|Any CPU.ActiveCfg = Debug|Any CPU
		{412215A0-5300-4ABA-B27D-15A96BD96516}.Debug|Any CPU.Build.0 = Debug|Any CPU
		{412215A0-5300-4ABA-B27D-15A96BD96516}.Release|Any CPU.ActiveCfg = Release|Any CPU
		{412215A0-5300-4ABA-B27D-15A96BD96516}.Release|Any CPU.Build.0 = Release|Any CPU
		{FC0DA51D-52CD-4FE9-A904-924783AA949B}.Debug|Any CPU.ActiveCfg = Debug|Any CPU
		{FC0DA51D-52CD-4FE9-A904-924783AA949B}.Debug|Any CPU.Build.0 = Debug|Any CPU
		{FC0DA51D-52CD-4FE9-A904-924783AA949B}.Release|Any CPU.ActiveCfg = Release|Any CPU
		{FC0DA51D-52CD-4FE9-A904-924783AA949B}.Release|Any CPU.Build.0 = Release|Any CPU
		{762C0390-0E04-4192-AE23-E612405B3EE1}.Debug|Any CPU.ActiveCfg = Debug|Any CPU
		{762C0390-0E04-4192-AE23-E612405B3EE1}.Debug|Any CPU.Build.0 = Debug|Any CPU
		{762C0390-0E04-4192-AE23-E612405B3EE1}.Release|Any CPU.ActiveCfg = Release|Any CPU
		{762C0390-0E04-4192-AE23-E612405B3EE1}.Release|Any CPU.Build.0 = Release|Any CPU
		{EE6BD443-DB8E-47EC-A8C8-DC35CC59425D}.Debug|Any CPU.ActiveCfg = Debug|Any CPU
		{EE6BD443-DB8E-47EC-A8C8-DC35CC59425D}.Debug|Any CPU.Build.0 = Debug|Any CPU
		{EE6BD443-DB8E-47EC-A8C8-DC35CC59425D}.Release|Any CPU.ActiveCfg = Release|Any CPU
		{EE6BD443-DB8E-47EC-A8C8-DC35CC59425D}.Release|Any CPU.Build.0 = Release|Any CPU
		{C584A254-D33D-46C1-9F5A-A073A1934979}.Debug|Any CPU.ActiveCfg = Debug|Any CPU
		{C584A254-D33D-46C1-9F5A-A073A1934979}.Debug|Any CPU.Build.0 = Debug|Any CPU
		{C584A254-D33D-46C1-9F5A-A073A1934979}.Release|Any CPU.ActiveCfg = Release|Any CPU
		{C584A254-D33D-46C1-9F5A-A073A1934979}.Release|Any CPU.Build.0 = Release|Any CPU
		{12E6501C-15F9-4894-AED5-D2B23E26E425}.Debug|Any CPU.ActiveCfg = Debug|Any CPU
		{12E6501C-15F9-4894-AED5-D2B23E26E425}.Debug|Any CPU.Build.0 = Debug|Any CPU
		{12E6501C-15F9-4894-AED5-D2B23E26E425}.Release|Any CPU.ActiveCfg = Release|Any CPU
		{12E6501C-15F9-4894-AED5-D2B23E26E425}.Release|Any CPU.Build.0 = Release|Any CPU
		{8CCA4409-7F32-40C9-BF54-03170370D1A7}.Debug|Any CPU.ActiveCfg = Debug|Any CPU
		{8CCA4409-7F32-40C9-BF54-03170370D1A7}.Debug|Any CPU.Build.0 = Debug|Any CPU
		{8CCA4409-7F32-40C9-BF54-03170370D1A7}.Release|Any CPU.ActiveCfg = Release|Any CPU
		{8CCA4409-7F32-40C9-BF54-03170370D1A7}.Release|Any CPU.Build.0 = Release|Any CPU
	EndGlobalSection
	GlobalSection(SolutionProperties) = preSolution
		HideSolutionNode = FALSE
	EndGlobalSection
	GlobalSection(ExtensibilityGlobals) = postSolution
		SolutionGuid = {10728043-4D2F-48F2-9F7E-327099366FFD}
	EndGlobalSection
EndGlobal
